
Microsoft Visual Studio Solution File, Format Version 12.00
# Visual Studio 15
VisualStudioVersion = 15.0.27130.2020
MinimumVisualStudioVersion = 10.0.40219.1
Project("{FAE04EC0-301F-11D3-BF4B-00C04F79EFBC}") = "TestProject", "TestProject\TestProject.csproj", "{8A34E9CE-810C-424F-BB68-3E2468015317}"
EndProject
Project("{FAE04EC0-301F-11D3-BF4B-00C04F79EFBC}") = "Helper", "..\ConsoleApp2\Helper\Helper.csproj", "{F1402538-FCB9-45F7-A1D2-0AB5D027512F}"
EndProject
Global
	GlobalSection(SolutionConfigurationPlatforms) = preSolution
		Debug|Any CPU = Debug|Any CPU
		Release|Any CPU = Release|Any CPU
	EndGlobalSection
	GlobalSection(ProjectConfigurationPlatforms) = postSolution
		{8A34E9CE-810C-424F-BB68-3E2468015317}.Debug|Any CPU.ActiveCfg = Debug|Any CPU
		{8A34E9CE-810C-424F-BB68-3E2468015317}.Debug|Any CPU.Build.0 = Debug|Any CPU
		{8A34E9CE-810C-424F-BB68-3E2468015317}.Release|Any CPU.ActiveCfg = Release|Any CPU
		{8A34E9CE-810C-424F-BB68-3E2468015317}.Release|Any CPU.Build.0 = Release|Any CPU
		{F1402538-FCB9-45F7-A1D2-0AB5D027512F}.Debug|Any CPU.ActiveCfg = Debug|Any CPU
		{F1402538-FCB9-45F7-A1D2-0AB5D027512F}.Debug|Any CPU.Build.0 = Debug|Any CPU
		{F1402538-FCB9-45F7-A1D2-0AB5D027512F}.Release|Any CPU.ActiveCfg = Release|Any CPU
		{F1402538-FCB9-45F7-A1D2-0AB5D027512F}.Release|Any CPU.Build.0 = Release|Any CPU
	EndGlobalSection
	GlobalSection(SolutionProperties) = preSolution
		HideSolutionNode = FALSE
	EndGlobalSection
	GlobalSection(ExtensibilityGlobals) = postSolution
		SolutionGuid = {7635E229-3B03-4F95-82AD-BB303AB59B05}
	EndGlobalSection
EndGlobal
